dependencies:
  espressif/ip101:
    component_hash: e3be457b9ae50d7b348e5418ef1a334b3f943a1f0df16a4d42767b89ae15d533
    dependencies:
    - name: idf
      require: private
      version: '>=6.0'
    source:
      registry_url: https://components.espressif.com/
      type: service
    targets:
    - esp32
    - esp32p4
    version: 1.0.0
  idf:
    source:
      type: idf
    version: 6.1.0
direct_dependencies:
- espressif/ip101
- idf
manifest_hash: 90d1369bf637559232f1ee56128d5b504d369fc59c0cba8fceb0ef567fe454d6
target: esp32p4
version: 3.0.0
